
Microsoft Visual Studio Solution File, Format Version 12.00
# Visual Studio Version 17
VisualStudioVersion = 17.3.32825.248
MinimumVisualStudioVersion = 10.0.40219.1
Project("{FAE04EC0-301F-11D3-BF4B-00C04F79EFBC}") = "BankEncapsulation", "BankEncapsulation\BankEncapsulation.csproj", "{12395FBF-B659-4A94-902D-2BC2ABC73969}"
EndProject
Global
	GlobalSection(SolutionConfigurationPlatforms) = preSolution
		Debug|Any CPU = Debug|Any CPU
		Release|Any CPU = Release|Any CPU
	EndGlobalSection
	GlobalSection(ProjectConfigurationPlatforms) = postSolution
		{12395FBF-B659-4A94-902D-2BC2ABC73969}.Debug|Any CPU.ActiveCfg = Debug|Any CPU
		{12395FBF-B659-4A94-902D-2BC2ABC73969}.Debug|Any CPU.Build.0 = Debug|Any CPU
		{12395FBF-B659-4A94-902D-2BC2ABC73969}.Release|Any CPU.ActiveCfg = Release|Any CPU
		{12395FBF-B659-4A94-902D-2BC2ABC73969}.Release|Any CPU.Build.0 = Release|Any CPU
	EndGlobalSection
	GlobalSection(SolutionProperties) = preSolution
		HideSolutionNode = FALSE
	EndGlobalSection
	GlobalSection(ExtensibilityGlobals) = postSolution
		SolutionGuid = {DD755CE0-EC08-4305-92F5-1DE48C86161F}
	EndGlobalSection
EndGlobal
